// !$*UTF8*$!
{
	archiveVersion = 1;
	classes = {
	};
	objectVersion = 46;
	objects = {

/* Begin PBXBuildFile section */
		FC29730C1AC8DF77000FC32D /* main.m in Sources */ = {isa = PBXBuildFile; fileRef = FC29730B1AC8DF77000FC32D /* main.m */; };
		FC29730F1AC8DF77000FC32D /* AppDelegate.m in Sources */ = {isa = PBXBuildFile; fileRef = FC29730E1AC8DF77000FC32D /* AppDelegate.m */; };
		FC2973121AC8DF77000FC32D /* ViewController.m in Sources */ = {isa = PBXBuildFile; fileRef = FC2973111AC8DF77000FC32D /* ViewController.m */; };
		FC2973151AC8DF77000FC32D /* Main.storyboard in Resources */ = {isa = PBXBuildFile; fileRef = FC2973131AC8DF77000FC32D /* Main.storyboard */; };
		FC2973171AC8DF77000FC32D /* Images.xcassets in Resources */ = {isa = PBXBuildFile; fileRef = FC2973161AC8DF77000FC32D /* Images.xcassets */; };
		FC29731A1AC8DF77000FC32D /* LaunchScreen.xib in Resources */ = {isa = PBXBuildFile; fileRef = FC2973181AC8DF77000FC32D /* LaunchScreen.xib */; };
		FC2973261AC8DF77000FC32D /* DLActionControllerTests.m in Sources */ = {isa = PBXBuildFile; fileRef = FC2973251AC8DF77000FC32D /* DLActionControllerTests.m */; };
		FC2973311AC8DFB0000FC32D /* DLActionSheetController.m in Sources */ = {isa = PBXBuildFile; fileRef = FC2973301AC8DFB0000FC32D /* DLActionSheetController.m */; };
/* End PBXBuildFile section */

/* Begin PBXContainerItemProxy section */
		FC2973201AC8DF77000FC32D /* PBXContainerItemProxy */ = {
			isa = PBXContainerItemProxy;
			containerPortal = FC2972FE1AC8DF77000FC32D /* Project object */;
			proxyType = 1;
			remoteGlobalIDString = FC2973051AC8DF77000FC32D;
			remoteInfo = DLActionController;
		};
/* End PBXContainerItemProxy section */

/* Begin PBXFileReference section */
		FC2973061AC8DF77000FC32D /* DLActionController.app */ = {isa = PBXFileReference; explicitFileType = wrapper.application; includeInIndex = 0; path = DLActionController.app; sourceTree = BUILT_PRODUCTS_DIR; };
		FC29730A1AC8DF77000FC32D /* Info.plist */ = {isa = PBXFileReference; lastKnownFileType = text.plist.xml; path = Info.plist; sourceTree = "<group>"; };
		FC29730B1AC8DF77000FC32D /* main.m */ = {isa = PBXFileReference; lastKnownFileType = sourcecode.c.objc; path = main.m; sourceTree = "<group>"; };
		FC29730D1AC8DF77000FC32D /* AppDelegate.h */ = {isa = PBXFileReference; lastKnownFileType = sourcecode.c.h; path = AppDelegate.h; sourceTree = "<group>"; };
		FC29730E1AC8DF77000FC32D /* AppDelegate.m */ = {isa = PBXFileReference; lastKnownFileType = sourcecode.c.objc; path = AppDelegate.m; sourceTree = "<group>"; };
		FC2973101AC8DF77000FC32D /* ViewController.h */ = {isa = PBXFileReference; lastKnownFileType = sourcecode.c.h; path = ViewController.h; sourceTree = "<group>"; };
		FC2973111AC8DF77000FC32D /* ViewController.m */ = {isa = PBXFileReference; lastKnownFileType = sourcecode.c.objc; path = ViewController.m; sourceTree = "<group>"; };
		FC2973141AC8DF77000FC32D /* Base */ = {isa = PBXFileReference; lastKnownFileType = file.storyboard; name = Base; path = Base.lproj/Main.storyboard; sourceTree = "<group>"; };
		FC2973161AC8DF77000FC32D /* Images.xcassets */ = {isa = PBXFileReference; lastKnownFileType = folder.assetcatalog; path = Images.xcassets; sourceTree = "<group>"; };
		FC2973191AC8DF77000FC32D /* Base */ = {isa = PBXFileReference; lastKnownFileType = file.xib; name = Base; path = Base.lproj/LaunchScreen.xib; sourceTree = "<group>"; };
		FC29731F1AC8DF77000FC32D /* DLActionControllerTests.xctest */ = {isa = PBXFileReference; explicitFileType = wrapper.cfbundle; includeInIndex = 0; path = DLActionControllerTests.xctest; sourceTree = BUILT_PRODUCTS_DIR; };
		FC2973241AC8DF77000FC32D /* Info.plist */ = {isa = PBXFileReference; lastKnownFileType = text.plist.xml; path = Info.plist; sourceTree = "<group>"; };
		FC2973251AC8DF77000FC32D /* DLActionControllerTests.m */ = {isa = PBXFileReference; lastKnownFileType = sourcecode.c.objc; path = DLActionControllerTests.m; sourceTree = "<group>"; };
		FC29732F1AC8DFB0000FC32D /* DLActionSheetController.h */ = {isa = PBXFileReference; fileEncoding = 4; lastKnownFileType = sourcecode.c.h; path = DLActionSheetController.h; sourceTree = "<group>"; };
		FC2973301AC8DFB0000FC32D /* DLActionSheetController.m */ = {isa = PBXFileReference; fileEncoding = 4; lastKnownFileType = sourcecode.c.objc; path = DLActionSheetController.m; sourceTree = "<group>"; };
/* End PBXFileReference section */

/* Begin PBXFrameworksBuildPhase section */
		FC2973031AC8DF77000FC32D /* Frameworks */ = {
			isa = PBXFrameworksBuildPhase;
			buildActionMask = 2147483647;
			files = (
			);
			runOnlyForDeploymentPostprocessing = 0;
		};
		FC29731C1AC8DF77000FC32D /* Frameworks */ = {
			isa = PBXFrameworksBuildPhase;
			buildActionMask = 2147483647;
			files = (
			);
			runOnlyForDeploymentPostprocessing = 0;
		};
/* End PBXFrameworksBuildPhase section */

/* Begin PBXGroup section */
		FC2972FD1AC8DF77000FC32D = {
			isa = PBXGroup;
			children = (
				FC2973081AC8DF77000FC32D /* DLActionController */,
				FC2973221AC8DF77000FC32D /* DLActionControllerTests */,
				FC2973071AC8DF77000FC32D /* Products */,
			);
			sourceTree = "<group>";
		};
		FC2973071AC8DF77000FC32D /* Products */ = {
			isa = PBXGroup;
			children = (
				FC2973061AC8DF77000FC32D /* DLActionController.app */,
				FC29731F1AC8DF77000FC32D /* DLActionControllerTests.xctest */,
			);
			name = Products;
			sourceTree = "<group>";
		};
		FC2973081AC8DF77000FC32D /* DLActionController */ = {
			isa = PBXGroup;
			children = (
				FC29730D1AC8DF77000FC32D /* AppDelegate.h */,
				FC29730E1AC8DF77000FC32D /* AppDelegate.m */,
				FC2973101AC8DF77000FC32D /* ViewController.h */,
				FC2973111AC8DF77000FC32D /* ViewController.m */,
				FC29732F1AC8DFB0000FC32D /* DLActionSheetController.h */,
				FC2973301AC8DFB0000FC32D /* DLActionSheetController.m */,
				FC2973131AC8DF77000FC32D /* Main.storyboard */,
				FC2973161AC8DF77000FC32D /* Images.xcassets */,
				FC2973181AC8DF77000FC32D /* LaunchScreen.xib */,
				FC2973091AC8DF77000FC32D /* Supporting Files */,
			);
			path = DLActionController;
			sourceTree = "<group>";
		};
		FC2973091AC8DF77000FC32D /* Supporting Files */ = {
			isa = PBXGroup;
			children = (
				FC29730A1AC8DF77000FC32D /* Info.plist */,
				FC29730B1AC8DF77000FC32D /* main.m */,
			);
			name = "Supporting Files";
			sourceTree = "<group>";
		};
		FC2973221AC8DF77000FC32D /* DLActionControllerTests */ = {
			isa = PBXGroup;
			children = (
				FC2973251AC8DF77000FC32D /* DLActionControllerTests.m */,
				FC2973231AC8DF77000FC32D /* Supporting Files */,
			);
			path = DLActionControllerTests;
			sourceTree = "<group>";
		};
		FC2973231AC8DF77000FC32D /* Supporting Files */ = {
			isa = PBXGroup;
			children = (
				FC2973241AC8DF77000FC32D /* Info.plist */,
			);
			name = "Supporting Files";
			sourceTree = "<group>";
		};
/* End PBXGroup section */

/* Begin PBXNativeTarget section */
		FC2973051AC8DF77000FC32D /* DLActionController */ = {
			isa = PBXNativeTarget;
			buildConfigurationList = FC2973291AC8DF77000FC32D /* Build configuration list for PBXNativeTarget "DLActionController" */;
			buildPhases = (
				FC2973021AC8DF77000FC32D /* Sources */,
				FC2973031AC8DF77000FC32D /* Frameworks */,
				FC2973041AC8DF77000FC32D /* Resources */,
			);
			buildRules = (
			);
			dependencies = (
			);
			name = DLActionController;
			productName = DLActionController;
			productReference = FC2973061AC8DF77000FC32D /* DLActionController.app */;
			productType = "com.apple.product-type.application";
		};
		FC29731E1AC8DF77000FC32D /* DLActionControllerTests */ = {
			isa = PBXNativeTarget;
			buildConfigurationList = FC29732C1AC8DF77000FC32D /* Build configuration list for PBXNativeTarget "DLActionControllerTests" */;
			buildPhases = (
				FC29731B1AC8DF77000FC32D /* Sources */,
				FC29731C1AC8DF77000FC32D /* Frameworks */,
				FC29731D1AC8DF77000FC32D /* Resources */,
			);
			buildRules = (
			);
			dependencies = (
				FC2973211AC8DF77000FC32D /* PBXTargetDependency */,
			);
			name = DLActionControllerTests;
			productName = DLActionControllerTests;
			productReference = FC29731F1AC8DF77000FC32D /* DLActionControllerTests.xctest */;
			productType = "com.apple.product-type.bundle.unit-test";
		};
/* End PBXNativeTarget section */

/* Begin PBXProject section */
		FC2972FE1AC8DF77000FC32D /* Project object */ = {
			isa = PBXProject;
			attributes = {
				LastUpgradeCheck = 0620;
				ORGANIZATIONNAME = X;
				TargetAttributes = {
					FC2973051AC8DF77000FC32D = {
						CreatedOnToolsVersion = 6.2;
					};
					FC29731E1AC8DF77000FC32D = {
						CreatedOnToolsVersion = 6.2;
						TestTargetID = FC2973051AC8DF77000FC32D;
					};
				};
			};
			buildConfigurationList = FC2973011AC8DF77000FC32D /* Build configuration list for PBXProject "DLActionController" */;
			compatibilityVersion = "Xcode 3.2";
			developmentRegion = English;
			hasScannedForEncodings = 0;
			knownRegions = (
				en,
				Base,
			);
			mainGroup = FC2972FD1AC8DF77000FC32D;
			productRefGroup = FC2973071AC8DF77000FC32D /* Products */;
			projectDirPath = "";
			projectRoot = "";
			targets = (
				FC2973051AC8DF77000FC32D /* DLActionController */,
				FC29731E1AC8DF77000FC32D /* DLActionControllerTests */,
			);
		};
/* End PBXProject section */

/* Begin PBXResourcesBuildPhase section */
		FC2973041AC8DF77000FC32D /* Resources */ = {
			isa = PBXResourcesBuildPhase;
			buildActionMask = 2147483647;
			files = (
				FC2973151AC8DF77000FC32D /* Main.storyboard in Resources */,
				FC29731A1AC8DF77000FC32D /* LaunchScreen.xib in Resources */,
				FC2973171AC8DF77000FC32D /* Images.xcassets in Resources */,
			);
			runOnlyForDeploymentPostprocessing = 0;
		};
		FC29731D1AC8DF77000FC32D /* Resources */ = {
			isa = PBXResourcesBuildPhase;
			buildActionMask = 2147483647;
			files = (
			);
			runOnlyForDeploymentPostprocessing = 0;
		};
/* End PBXResourcesBuildPhase section */

/* Begin PBXSourcesBuildPhase section */
		FC2973021AC8DF77000FC32D /* Sources */ = {
			isa = PBXSourcesBuildPhase;
			buildActionMask = 2147483647;
			files = (
				FC2973121AC8DF77000FC32D /* ViewController.m in Sources */,
				FC29730F1AC8DF77000FC32D /* AppDelegate.m in Sources */,
				FC29730C1AC8DF77000FC32D /* main.m in Sources */,
				FC2973311AC8DFB0000FC32D /* DLActionSheetController.m in Sources */,
			);
			runOnlyForDeploymentPostprocessing = 0;
		};
		FC29731B1AC8DF77000FC32D /* Sources */ = {
			isa = PBXSourcesBuildPhase;
			buildActionMask = 2147483647;
			files = (
				FC2973261AC8DF77000FC32D /* DLActionControllerTests.m in Sources */,
			);
			runOnlyForDeploymentPostprocessing = 0;
		};
/* End PBXSourcesBuildPhase section */

/* Begin PBXTargetDependency section */
		FC2973211AC8DF77000FC32D /* PBXTargetDependency */ = {
			isa = PBXTargetDependency;
			target = FC2973051AC8DF77000FC32D /* DLActionController */;
			targetProxy = FC2973201AC8DF77000FC32D /* PBXContainerItemProxy */;
		};
/* End PBXTargetDependency section */

/* Begin PBXVariantGroup section */
		FC2973131AC8DF77000FC32D /* Main.storyboard */ = {
			isa = PBXVariantGroup;
			children = (
				FC2973141AC8DF77000FC32D /* Base */,
			);
			name = Main.storyboard;
			sourceTree = "<group>";
		};
		FC2973181AC8DF77000FC32D /* LaunchScreen.xib */ = {
			isa = PBXVariantGroup;
			children = (
				FC2973191AC8DF77000FC32D /* Base */,
			);
			name = LaunchScreen.xib;
			sourceTree = "<group>";
		};
/* End PBXVariantGroup section */

/* Begin XCBuildConfiguration section */
		FC2973271AC8DF77000FC32D /* Debug */ = {
			isa = XCBuildConfiguration;
			buildSettings = {
				ALWAYS_SEARCH_USER_PATHS = NO;
				CLANG_CXX_LANGUAGE_STANDARD = "gnu++0x";
				CLANG_CXX_LIBRARY = "libc++";
				CLANG_ENABLE_MODULES = YES;
				CLANG_ENABLE_OBJC_ARC = YES;
				CLANG_WARN_BOOL_CONVERSION = YES;
				CLANG_WARN_CONSTANT_CONVERSION = YES;
				CLANG_WARN_DIRECT_OBJC_ISA_USAGE = YES_ERROR;
				CLANG_WARN_EMPTY_BODY = YES;
				CLANG_WARN_ENUM_CONVERSION = YES;
				CLANG_WARN_INT_CONVERSION = YES;
				CLANG_WARN_OBJC_ROOT_CLASS = YES_ERROR;
				CLANG_WARN_UNREACHABLE_CODE = YES;
				CLANG_WARN__DUPLICATE_METHOD_MATCH = YES;
				"CODE_SIGN_IDENTITY[sdk=iphoneos*]" = "iPhone Developer";
				COPY_PHASE_STRIP = NO;
				ENABLE_STRICT_OBJC_MSGSEND = YES;
				GCC_C_LANGUAGE_STANDARD = gnu99;
				GCC_DYNAMIC_NO_PIC = NO;
				GCC_OPTIMIZATION_LEVEL = 0;
				GCC_PREPROCESSOR_DEFINITIONS = (
					"DEBUG=1",
					"$(inherited)",
				);
				GCC_SYMBOLS_PRIVATE_EXTERN = NO;
				GCC_WARN_64_TO_32_BIT_CONVERSION = YES;
				GCC_WARN_ABOUT_RETURN_TYPE = YES_ERROR;
				GCC_WARN_UNDECLARED_SELECTOR = YES;
				GCC_WARN_UNINITIALIZED_AUTOS = YES_AGGRESSIVE;
				GCC_WARN_UNUSED_FUNCTION = YES;
				GCC_WARN_UNUSED_VARIABLE = YES;
				IPHONEOS_DEPLOYMENT_TARGET = 8.2;
				MTL_ENABLE_DEBUG_INFO = YES;
				ONLY_ACTIVE_ARCH = YES;
				SDKROOT = iphoneos;
			};
			name = Debug;
		};
		FC2973281AC8DF77000FC32D /* Release */ = {
			isa = XCBuildConfiguration;
			buildSettings = {
				ALWAYS_SEARCH_USER_PATHS = NO;
				CLANG_CXX_LANGUAGE_STANDARD = "gnu++0x";
				CLANG_CXX_LIBRARY = "libc++";
				CLANG_ENABLE_MODULES = YES;
				CLANG_ENABLE_OBJC_ARC = YES;
				CLANG_WARN_BOOL_CONVERSION = YES;
				CLANG_WARN_CONSTANT_CONVERSION = YES;
				CLANG_WARN_DIRECT_OBJC_ISA_USAGE = YES_ERROR;
				CLANG_WARN_EMPTY_BODY = YES;
				CLANG_WARN_ENUM_CONVERSION = YES;
				CLANG_WARN_INT_CONVERSION = YES;
				CLANG_WARN_OBJC_ROOT_CLASS = YES_ERROR;
				CLANG_WARN_UNREACHABLE_CODE = YES;
				CLANG_WARN__DUPLICATE_METHOD_MATCH = YES;
				"CODE_SIGN_IDENTITY[sdk=iphoneos*]" = "iPhone Developer";
				COPY_PHASE_STRIP = NO;
				ENABLE_NS_ASSERTIONS = NO;
				ENABLE_STRICT_OBJC_MSGSEND = YES;
				GCC_C_LANGUAGE_STANDARD = gnu99;
				GCC_WARN_64_TO_32_BIT_CONVERSION = YES;
				GCC_WARN_ABOUT_RETURN_TYPE = YES_ERROR;
				GCC_WARN_UNDECLARED_SELECTOR = YES;
				GCC_WARN_UNINITIALIZED_AUTOS = YES_AGGRESSIVE;
				GCC_WARN_UNUSED_FUNCTION = YES;
				GCC_WARN_UNUSED_VARIABLE = YES;
				IPHONEOS_DEPLOYMENT_TARGET = 8.2;
				MTL_ENABLE_DEBUG_INFO = NO;
				SDKROOT = iphoneos;
				VALIDATE_PRODUCT = YES;
			};
			name = Release;
		};
		FC29732A1AC8DF77000FC32D /* Debug */ = {
			isa = XCBuildConfiguration;
			buildSettings = {
				ASSETCATALOG_COMPILER_APPICON_NAME = AppIcon;
				INFOPLIST_FILE = DLActionController/Info.plist;
				LD_RUNPATH_SEARCH_PATHS = "$(inherited) @executable_path/Frameworks";
				PRODUCT_NAME = "$(TARGET_NAME)";
			};
			name = Debug;
		};
		FC29732B1AC8DF77000FC32D /* Release */ = {
			isa = XCBuildConfiguration;
			buildSettings = {
				ASSETCATALOG_COMPILER_APPICON_NAME = AppIcon;
				INFOPLIST_FILE = DLActionController/Info.plist;
				LD_RUNPATH_SEARCH_PATHS = "$(inherited) @executable_path/Frameworks";
				PRODUCT_NAME = "$(TARGET_NAME)";
			};
			name = Release;
		};
		FC29732D1AC8DF77000FC32D /* Debug */ = {
			isa = XCBuildConfiguration;
			buildSettings = {
				BUNDLE_LOADER = "$(TEST_HOST)";
				FRAMEWORK_SEARCH_PATHS = (
					"$(SDKROOT)/Developer/Library/Frameworks",
					"$(inherited)",
				);
				GCC_PREPROCESSOR_DEFINITIONS = (
					"DEBUG=1",
					"$(inherited)",
				);
				INFOPLIST_FILE = DLActionControllerTests/Info.plist;
				LD_RUNPATH_SEARCH_PATHS = "$(inherited) @executable_path/Frameworks @loader_path/Frameworks";
				PRODUCT_NAME = "$(TARGET_NAME)";
				TEST_HOST = "$(BUILT_PRODUCTS_DIR)/DLActionController.app/DLActionController";
			};
			name = Debug;
		};
		FC29732E1AC8DF77000FC32D /* Release */ = {
			isa = XCBuildConfiguration;
			buildSettings = {
				BUNDLE_LOADER = "$(TEST_HOST)";
				FRAMEWORK_SEARCH_PATHS = (
					"$(SDKROOT)/Developer/Library/Frameworks",
					"$(inherited)",
				);
				INFOPLIST_FILE = DLActionControllerTests/Info.plist;
				LD_RUNPATH_SEARCH_PATHS = "$(inherited) @executable_path/Frameworks @loader_path/Frameworks";
				PRODUCT_NAME = "$(TARGET_NAME)";
				TEST_HOST = "$(BUILT_PRODUCTS_DIR)/DLActionController.app/DLActionController";
			};
			name = Release;
		};
/* End XCBuildConfiguration section */

/* Begin XCConfigurationList section */
		FC2973011AC8DF77000FC32D /* Build configuration list for PBXProject "DLActionController" */ = {
			isa = XCConfigurationList;
			buildConfigurations = (
				FC2973271AC8DF77000FC32D /* Debug */,
				FC2973281AC8DF77000FC32D /* Release */,
			);
			defaultConfigurationIsVisible = 0;
			defaultConfigurationName = Release;
		};
		FC2973291AC8DF77000FC32D /* Build configuration list for PBXNativeTarget "DLActionController" */ = {
			isa = XCConfigurationList;
			buildConfigurations = (
				FC29732A1AC8DF77000FC32D /* Debug */,
				FC29732B1AC8DF77000FC32D /* Release */,
			);
			defaultConfigurationIsVisible = 0;
		};
		FC29732C1AC8DF77000FC32D /* Build configuration list for PBXNativeTarget "DLActionControllerTests" */ = {
			isa = XCConfigurationList;
			buildConfigurations = (
				FC29732D1AC8DF77000FC32D /* Debug */,
				FC29732E1AC8DF77000FC32D /* Release */,
			);
			defaultConfigurationIsVisible = 0;
		};
/* End XCConfigurationList section */
	};
	rootObject = FC2972FE1AC8DF77000FC32D /* Project object */;
}
